
Microsoft Visual Studio Solution File, Format Version 12.00
# Visual Studio Version 17
VisualStudioVersion = 17.9.34616.47
MinimumVisualStudioVersion = 10.0.40219.1
Project("{FAE04EC0-301F-11D3-BF4B-00C04F79EFBC}") = "Routing", "Routing.csproj", "{24D3CFDE-4CC8-4331-A82F-C6D0CD592F32}"
EndProject
Global
	GlobalSection(SolutionConfigurationPlatforms) = preSolution
		Debug|Any CPU = Debug|Any CPU
		Release|Any CPU = Release|Any CPU
	EndGlobalSection
	GlobalSection(ProjectConfigurationPlatforms) = postSolution
		{24D3CFDE-4CC8-4331-A82F-C6D0CD592F32}.Debug|Any CPU.ActiveCfg = Debug|Any CPU
		{24D3CFDE-4CC8-4331-A82F-C6D0CD592F32}.Debug|Any CPU.Build.0 = Debug|Any CPU
		{24D3CFDE-4CC8-4331-A82F-C6D0CD592F32}.Release|Any CPU.ActiveCfg = Release|Any CPU
		{24D3CFDE-4CC8-4331-A82F-C6D0CD592F32}.Release|Any CPU.Build.0 = Release|Any CPU
	EndGlobalSection
	GlobalSection(SolutionProperties) = preSolution
		HideSolutionNode = FALSE
	EndGlobalSection
	GlobalSection(ExtensibilityGlobals) = postSolution
		SolutionGuid = {258575E3-8D83-4AEB-BED1-0A945F3AB4E4}
	EndGlobalSection
EndGlobal
